{
  "name": "provenance-middleware",
  "version": "0.3.2",
  "lockfileVersion": 3,
  "requires": true,
  "packages": {
    "": {
      "name": "provenance-middleware",
      "version": "0.3.2",
      "license": "MIT",
      "dependencies": {
        "provenance-protocol": "^0.8.0",
        "yaml": "^2.9.1"
      },
      "engines": {
        "node": ">=20.18.1"
      }
    },
    "node_modules/provenance-protocol": {
      "version": "0.8.0",
      "resolved": "https://registry.npmjs.org/provenance-protocol/-/provenance-protocol-0.8.0.tgz",
      "integrity": "sha512-/REKBL7sqbo0Z9L2846XROrl7j3EGd0bkeA+4748aIiIge5XzRK8Lqjghg/tYeCuN/pI3fAIS9n+NGIAG8XKQQ==",
      "license": "MIT",
      "dependencies": {
        "yaml": "^2.9.1"
      },
      "bin": {
        "provenance": "src/cli.js"
      },
      "engines": {
        "node": ">=18"
      }
    },
    "node_modules/yaml": {
      "version": "2.9.1",
      "resolved": "https://registry.npmjs.org/yaml/-/yaml-2.9.1.tgz",
      "integrity": "sha512-3NxN8+78OdzbT7C/WjGsyfPAtJaN3FNDsWxv7Y7mcDsT/oOmgW8BpyQQFFBnvZE3j9Y2Sdz1ULFLezL7Eb2yFw==",
      "license": "ISC",
      "bin": {
        "yaml": "bin.mjs"
      },
      "engines": {
        "node": ">= 14.6"
      },
      "funding": {
        "url": "https://github.com/sponsors/eemeli"
      }
    }
  }
}
